// !$*UTF8*$!
{
	archiveVersion = 1;
	classes = {
	};
	objectVersion = 50;
	objects = {

/* Begin PBXBuildFile section */
		636E5ADB239D74BC002BFF69 /* AppDelegate.swift in Sources */ = {isa = PBXBuildFile; fileRef = 636E5ADA239D74BC002BFF69 /* AppDelegate.swift */; };
		636E5ADD239D74BC002BFF69 /* SceneDelegate.swift in Sources */ = {isa = PBXBuildFile; fileRef = 636E5ADC239D74BC002BFF69 /* SceneDelegate.swift */; };
		636E5ADF239D74BC002BFF69 /* MasterViewController.swift in Sources */ = {isa = PBXBuildFile; fileRef = 636E5ADE239D74BC002BFF69 /* MasterViewController.swift */; };
		636E5AE1239D74BC002BFF69 /* DetailViewController.swift in Sources */ = {isa = PBXBuildFile; fileRef = 636E5AE0239D74BC002BFF69 /* DetailViewController.swift */; };
		636E5AE4239D74BC002BFF69 /* Main.storyboard in Resources */ = {isa = PBXBuildFile; fileRef = 636E5AE2239D74BC002BFF69 /* Main.storyboard */; };
		636E5AE6239D74BD002BFF69 /* Assets.xcassets in Resources */ = {isa = PBXBuildFile; fileRef = 636E5AE5239D74BD002BFF69 /* Assets.xcassets */; };
		636E5AE9239D74BD002BFF69 /* LaunchScreen.storyboard in Resources */ = {isa = PBXBuildFile; fileRef = 636E5AE7239D74BD002BFF69 /* LaunchScreen.storyboard */; };
		636E5AF7239D75CF002BFF69 /* BaseAPIClient.swift in Sources */ = {isa = PBXBuildFile; fileRef = 636E5AF6239D75CF002BFF69 /* BaseAPIClient.swift */; };
		636E5AF9239D75EB002BFF69 /* RedditAPIClient.swift in Sources */ = {isa = PBXBuildFile; fileRef = 636E5AF8239D75EB002BFF69 /* RedditAPIClient.swift */; };
		636E5AFB239D7609002BFF69 /* RedditPost.swift in Sources */ = {isa = PBXBuildFile; fileRef = 636E5AFA239D7609002BFF69 /* RedditPost.swift */; };
		636E5AFD239D7631002BFF69 /* RedditPostsViewModel.swift in Sources */ = {isa = PBXBuildFile; fileRef = 636E5AFC239D7631002BFF69 /* RedditPostsViewModel.swift */; };
		636E5AFF239D7A92002BFF69 /* RedditPostMapper.swift in Sources */ = {isa = PBXBuildFile; fileRef = 636E5AFE239D7A92002BFF69 /* RedditPostMapper.swift */; };
/* End PBXBuildFile section */

/* Begin PBXFileReference section */
		636E5AD7239D74BB002BFF69 /* Reddit Posts.app */ = {isa = PBXFileReference; explicitFileType = wrapper.application; includeInIndex = 0; path = "Reddit Posts.app"; sourceTree = BUILT_PRODUCTS_DIR; };
		636E5ADA239D74BC002BFF69 /* AppDelegate.swift */ = {isa = PBXFileReference; lastKnownFileType = sourcecode.swift; path = AppDelegate.swift; sourceTree = "<group>"; };
		636E5ADC239D74BC002BFF69 /* SceneDelegate.swift */ = {isa = PBXFileReference; lastKnownFileType = sourcecode.swift; path = SceneDelegate.swift; sourceTree = "<group>"; };
		636E5ADE239D74BC002BFF69 /* MasterViewController.swift */ = {isa = PBXFileReference; lastKnownFileType = sourcecode.swift; path = MasterViewController.swift; sourceTree = "<group>"; };
		636E5AE0239D74BC002BFF69 /* DetailViewController.swift */ = {isa = PBXFileReference; lastKnownFileType = sourcecode.swift; path = DetailViewController.swift; sourceTree = "<group>"; };
		636E5AE3239D74BC002BFF69 /* Base */ = {isa = PBXFileReference; lastKnownFileType = file.storyboard; name = Base; path = Base.lproj/Main.storyboard; sourceTree = "<group>"; };
		636E5AE5239D74BD002BFF69 /* Assets.xcassets */ = {isa = PBXFileReference; lastKnownFileType = folder.assetcatalog; path = Assets.xcassets; sourceTree = "<group>"; };
		636E5AE8239D74BD002BFF69 /* Base */ = {isa = PBXFileReference; lastKnownFileType = file.storyboard; name = Base; path = Base.lproj/LaunchScreen.storyboard; sourceTree = "<group>"; };
		636E5AEA239D74BD002BFF69 /* Info.plist */ = {isa = PBXFileReference; lastKnownFileType = text.plist.xml; path = Info.plist; sourceTree = "<group>"; };
		636E5AF6239D75CF002BFF69 /* BaseAPIClient.swift */ = {isa = PBXFileReference; lastKnownFileType = sourcecode.swift; path = BaseAPIClient.swift; sourceTree = "<group>"; };
		636E5AF8239D75EB002BFF69 /* RedditAPIClient.swift */ = {isa = PBXFileReference; lastKnownFileType = sourcecode.swift; path = RedditAPIClient.swift; sourceTree = "<group>"; };
		636E5AFA239D7609002BFF69 /* RedditPost.swift */ = {isa = PBXFileReference; lastKnownFileType = sourcecode.swift; path = RedditPost.swift; sourceTree = "<group>"; };
		636E5AFC239D7631002BFF69 /* RedditPostsViewModel.swift */ = {isa = PBXFileReference; lastKnownFileType = sourcecode.swift; path = RedditPostsViewModel.swift; sourceTree = "<group>"; };
		636E5AFE239D7A92002BFF69 /* RedditPostMapper.swift */ = {isa = PBXFileReference; lastKnownFileType = sourcecode.swift; path = RedditPostMapper.swift; sourceTree = "<group>"; };
/* End PBXFileReference section */

/* Begin PBXFrameworksBuildPhase section */
		636E5AD4239D74BB002BFF69 /* Frameworks */ = {
			isa = PBXFrameworksBuildPhase;
			buildActionMask = 2147483647;
			files = (
			);
			runOnlyForDeploymentPostprocessing = 0;
		};
/* End PBXFrameworksBuildPhase section */

/* Begin PBXGroup section */
		636E5ACE239D74BB002BFF69 = {
			isa = PBXGroup;
			children = (
				636E5AD9239D74BC002BFF69 /* Reddit Posts */,
				636E5AD8239D74BB002BFF69 /* Products */,
			);
			sourceTree = "<group>";
		};
		636E5AD8239D74BB002BFF69 /* Products */ = {
			isa = PBXGroup;
			children = (
				636E5AD7239D74BB002BFF69 /* Reddit Posts.app */,
			);
			name = Products;
			sourceTree = "<group>";
		};
		636E5AD9239D74BC002BFF69 /* Reddit Posts */ = {
			isa = PBXGroup;
			children = (
				636E5ADA239D74BC002BFF69 /* AppDelegate.swift */,
				636E5ADC239D74BC002BFF69 /* SceneDelegate.swift */,
				636E5AF3239D75A7002BFF69 /* Network */,
				636E5AF0239D74D9002BFF69 /* ViewController */,
				636E5AF2239D7591002BFF69 /* ViewModel */,
				636E5AF1239D7588002BFF69 /* Model */,
				636E5AE2239D74BC002BFF69 /* Main.storyboard */,
				636E5AE5239D74BD002BFF69 /* Assets.xcassets */,
				636E5AE7239D74BD002BFF69 /* LaunchScreen.storyboard */,
				636E5AEA239D74BD002BFF69 /* Info.plist */,
			);
			path = "Reddit Posts";
			sourceTree = "<group>";
		};
		636E5AF0239D74D9002BFF69 /* ViewController */ = {
			isa = PBXGroup;
			children = (
				636E5ADE239D74BC002BFF69 /* MasterViewController.swift */,
				636E5AE0239D74BC002BFF69 /* DetailViewController.swift */,
			);
			path = ViewController;
			sourceTree = "<group>";
		};
		636E5AF1239D7588002BFF69 /* Model */ = {
			isa = PBXGroup;
			children = (
				636E5AFA239D7609002BFF69 /* RedditPost.swift */,
			);
			path = Model;
			sourceTree = "<group>";
		};
		636E5AF2239D7591002BFF69 /* ViewModel */ = {
			isa = PBXGroup;
			children = (
				636E5AFC239D7631002BFF69 /* RedditPostsViewModel.swift */,
			);
			path = ViewModel;
			sourceTree = "<group>";
		};
		636E5AF3239D75A7002BFF69 /* Network */ = {
			isa = PBXGroup;
			children = (
				636E5AF4239D75AE002BFF69 /* Client */,
				636E5AF5239D75B2002BFF69 /* Mapper */,
			);
			path = Network;
			sourceTree = "<group>";
		};
		636E5AF4239D75AE002BFF69 /* Client */ = {
			isa = PBXGroup;
			children = (
				636E5AF6239D75CF002BFF69 /* BaseAPIClient.swift */,
				636E5AF8239D75EB002BFF69 /* RedditAPIClient.swift */,
			);
			path = Client;
			sourceTree = "<group>";
		};
		636E5AF5239D75B2002BFF69 /* Mapper */ = {
			isa = PBXGroup;
			children = (
				636E5AFE239D7A92002BFF69 /* RedditPostMapper.swift */,
			);
			path = Mapper;
			sourceTree = "<group>";
		};
/* End PBXGroup section */

/* Begin PBXNativeTarget section */
		636E5AD6239D74BB002BFF69 /* Reddit Posts */ = {
			isa = PBXNativeTarget;
			buildConfigurationList = 636E5AED239D74BD002BFF69 /* Build configuration list for PBXNativeTarget "Reddit Posts" */;
			buildPhases = (
				636E5AD3239D74BB002BFF69 /* Sources */,
				636E5AD4239D74BB002BFF69 /* Frameworks */,
				636E5AD5239D74BB002BFF69 /* Resources */,
			);
			buildRules = (
			);
			dependencies = (
			);
			name = "Reddit Posts";
			productName = "Reddit Posts";
			productReference = 636E5AD7239D74BB002BFF69 /* Reddit Posts.app */;
			productType = "com.apple.product-type.application";
		};
/* End PBXNativeTarget section */

/* Begin PBXProject section */
		636E5ACF239D74BB002BFF69 /* Project object */ = {
			isa = PBXProject;
			attributes = {
				LastSwiftUpdateCheck = 1100;
				LastUpgradeCheck = 1100;
				ORGANIZATIONNAME = "David Mazzitelli";
				TargetAttributes = {
					636E5AD6239D74BB002BFF69 = {
						CreatedOnToolsVersion = 11.0;
					};
				};
			};
			buildConfigurationList = 636E5AD2239D74BB002BFF69 /* Build configuration list for PBXProject "Reddit Posts" */;
			compatibilityVersion = "Xcode 9.3";
			developmentRegion = en;
			hasScannedForEncodings = 0;
			knownRegions = (
				en,
				Base,
			);
			mainGroup = 636E5ACE239D74BB002BFF69;
			productRefGroup = 636E5AD8239D74BB002BFF69 /* Products */;
			projectDirPath = "";
			projectRoot = "";
			targets = (
				636E5AD6239D74BB002BFF69 /* Reddit Posts */,
			);
		};
/* End PBXProject section */

/* Begin PBXResourcesBuildPhase section */
		636E5AD5239D74BB002BFF69 /* Resources */ = {
			isa = PBXResourcesBuildPhase;
			buildActionMask = 2147483647;
			files = (
				636E5AE9239D74BD002BFF69 /* LaunchScreen.storyboard in Resources */,
				636E5AE6239D74BD002BFF69 /* Assets.xcassets in Resources */,
				636E5AE4239D74BC002BFF69 /* Main.storyboard in Resources */,
			);
			runOnlyForDeploymentPostprocessing = 0;
		};
/* End PBXResourcesBuildPhase section */

/* Begin PBXSourcesBuildPhase section */
		636E5AD3239D74BB002BFF69 /* Sources */ = {
			isa = PBXSourcesBuildPhase;
			buildActionMask = 2147483647;
			files = (
				636E5AF7239D75CF002BFF69 /* BaseAPIClient.swift in Sources */,
				636E5ADB239D74BC002BFF69 /* AppDelegate.swift in Sources */,
				636E5AFB239D7609002BFF69 /* RedditPost.swift in Sources */,
				636E5ADD239D74BC002BFF69 /* SceneDelegate.swift in Sources */,
				636E5AFF239D7A92002BFF69 /* RedditPostMapper.swift in Sources */,
				636E5AF9239D75EB002BFF69 /* RedditAPIClient.swift in Sources */,
				636E5ADF239D74BC002BFF69 /* MasterViewController.swift in Sources */,
				636E5AFD239D7631002BFF69 /* RedditPostsViewModel.swift in Sources */,
				636E5AE1239D74BC002BFF69 /* DetailViewController.swift in Sources */,
			);
			runOnlyForDeploymentPostprocessing = 0;
		};
/* End PBXSourcesBuildPhase section */

/* Begin PBXVariantGroup section */
		636E5AE2239D74BC002BFF69 /* Main.storyboard */ = {
			isa = PBXVariantGroup;
			children = (
				636E5AE3239D74BC002BFF69 /* Base */,
			);
			name = Main.storyboard;
			sourceTree = "<group>";
		};
		636E5AE7239D74BD002BFF69 /* LaunchScreen.storyboard */ = {
			isa = PBXVariantGroup;
			children = (
				636E5AE8239D74BD002BFF69 /* Base */,
			);
			name = LaunchScreen.storyboard;
			sourceTree = "<group>";
		};
/* End PBXVariantGroup section */

/* Begin XCBuildConfiguration section */
		636E5AEB239D74BD002BFF69 /* Debug */ = {
			isa = XCBuildConfiguration;
			buildSettings = {
				ALWAYS_SEARCH_USER_PATHS = NO;
				CLANG_ANALYZER_NONNULL = YES;
				CLANG_ANALYZER_NUMBER_OBJECT_CONVERSION = YES_AGGRESSIVE;
				CLANG_CXX_LANGUAGE_STANDARD = "gnu++14";
				CLANG_CXX_LIBRARY = "libc++";
				CLANG_ENABLE_MODULES = YES;
				CLANG_ENABLE_OBJC_ARC = YES;
				CLANG_ENABLE_OBJC_WEAK = YES;
				CLANG_WARN_BLOCK_CAPTURE_AUTORELEASING = YES;
				CLANG_WARN_BOOL_CONVERSION = YES;
				CLANG_WARN_COMMA = YES;
				CLANG_WARN_CONSTANT_CONVERSION = YES;
				CLANG_WARN_DEPRECATED_OBJC_IMPLEMENTATIONS = YES;
				CLANG_WARN_DIRECT_OBJC_ISA_USAGE = YES_ERROR;
				CLANG_WARN_DOCUMENTATION_COMMENTS = YES;
				CLANG_WARN_EMPTY_BODY = YES;
				CLANG_WARN_ENUM_CONVERSION = YES;
				CLANG_WARN_INFINITE_RECURSION = YES;
				CLANG_WARN_INT_CONVERSION = YES;
				CLANG_WARN_NON_LITERAL_NULL_CONVERSION = YES;
				CLANG_WARN_OBJC_IMPLICIT_RETAIN_SELF = YES;
				CLANG_WARN_OBJC_LITERAL_CONVERSION = YES;
				CLANG_WARN_OBJC_ROOT_CLASS = YES_ERROR;
				CLANG_WARN_RANGE_LOOP_ANALYSIS = YES;
				CLANG_WARN_STRICT_PROTOTYPES = YES;
				CLANG_WARN_SUSPICIOUS_MOVE = YES;
				CLANG_WARN_UNGUARDED_AVAILABILITY = YES_AGGRESSIVE;
				CLANG_WARN_UNREACHABLE_CODE = YES;
				CLANG_WARN__DUPLICATE_METHOD_MATCH = YES;
				COPY_PHASE_STRIP = NO;
				DEBUG_INFORMATION_FORMAT = dwarf;
				ENABLE_STRICT_OBJC_MSGSEND = YES;
				ENABLE_TESTABILITY = YES;
				GCC_C_LANGUAGE_STANDARD = gnu11;
				GCC_DYNAMIC_NO_PIC = NO;
				GCC_NO_COMMON_BLOCKS = YES;
				GCC_OPTIMIZATION_LEVEL = 0;
				GCC_PREPROCESSOR_DEFINITIONS = (
					"DEBUG=1",
					"$(inherited)",
				);
				GCC_WARN_64_TO_32_BIT_CONVERSION = YES;
				GCC_WARN_ABOUT_RETURN_TYPE = YES_ERROR;
				GCC_WARN_UNDECLARED_SELECTOR = YES;
				GCC_WARN_UNINITIALIZED_AUTOS = YES_AGGRESSIVE;
				GCC_WARN_UNUSED_FUNCTION = YES;
				GCC_WARN_UNUSED_VARIABLE = YES;
				IPHONEOS_DEPLOYMENT_TARGET = 13.0;
				MTL_ENABLE_DEBUG_INFO = INCLUDE_SOURCE;
				MTL_FAST_MATH = YES;
				ONLY_ACTIVE_ARCH = YES;
				SDKROOT = iphoneos;
				SWIFT_ACTIVE_COMPILATION_CONDITIONS = DEBUG;
				SWIFT_OPTIMIZATION_LEVEL = "-Onone";
			};
			name = Debug;
		};
		636E5AEC239D74BD002BFF69 /* Release */ = {
			isa = XCBuildConfiguration;
			buildSettings = {
				ALWAYS_SEARCH_USER_PATHS = NO;
				CLANG_ANALYZER_NONNULL = YES;
				CLANG_ANALYZER_NUMBER_OBJECT_CONVERSION = YES_AGGRESSIVE;
				CLANG_CXX_LANGUAGE_STANDARD = "gnu++14";
				CLANG_CXX_LIBRARY = "libc++";
				CLANG_ENABLE_MODULES = YES;
				CLANG_ENABLE_OBJC_ARC = YES;
				CLANG_ENABLE_OBJC_WEAK = YES;
				CLANG_WARN_BLOCK_CAPTURE_AUTORELEASING = YES;
				CLANG_WARN_BOOL_CONVERSION = YES;
				CLANG_WARN_COMMA = YES;
				CLANG_WARN_CONSTANT_CONVERSION = YES;
				CLANG_WARN_DEPRECATED_OBJC_IMPLEMENTATIONS = YES;
				CLANG_WARN_DIRECT_OBJC_ISA_USAGE = YES_ERROR;
				CLANG_WARN_DOCUMENTATION_COMMENTS = YES;
				CLANG_WARN_EMPTY_BODY = YES;
				CLANG_WARN_ENUM_CONVERSION = YES;
				CLANG_WARN_INFINITE_RECURSION = YES;
				CLANG_WARN_INT_CONVERSION = YES;
				CLANG_WARN_NON_LITERAL_NULL_CONVERSION = YES;
				CLANG_WARN_OBJC_IMPLICIT_RETAIN_SELF = YES;
				CLANG_WARN_OBJC_LITERAL_CONVERSION = YES;
				CLANG_WARN_OBJC_ROOT_CLASS = YES_ERROR;
				CLANG_WARN_RANGE_LOOP_ANALYSIS = YES;
				CLANG_WARN_STRICT_PROTOTYPES = YES;
				CLANG_WARN_SUSPICIOUS_MOVE = YES;
				CLANG_WARN_UNGUARDED_AVAILABILITY = YES_AGGRESSIVE;
				CLANG_WARN_UNREACHABLE_CODE = YES;
				CLANG_WARN__DUPLICATE_METHOD_MATCH = YES;
				COPY_PHASE_STRIP = NO;
				DEBUG_INFORMATION_FORMAT = "dwarf-with-dsym";
				ENABLE_NS_ASSERTIONS = NO;
				ENABLE_STRICT_OBJC_MSGSEND = YES;
				GCC_C_LANGUAGE_STANDARD = gnu11;
				GCC_NO_COMMON_BLOCKS = YES;
				GCC_WARN_64_TO_32_BIT_CONVERSION = YES;
				GCC_WARN_ABOUT_RETURN_TYPE = YES_ERROR;
				GCC_WARN_UNDECLARED_SELECTOR = YES;
				GCC_WARN_UNINITIALIZED_AUTOS = YES_AGGRESSIVE;
				GCC_WARN_UNUSED_FUNCTION = YES;
				GCC_WARN_UNUSED_VARIABLE = YES;
				IPHONEOS_DEPLOYMENT_TARGET = 13.0;
				MTL_ENABLE_DEBUG_INFO = NO;
				MTL_FAST_MATH = YES;
				SDKROOT = iphoneos;
				SWIFT_COMPILATION_MODE = wholemodule;
				SWIFT_OPTIMIZATION_LEVEL = "-O";
				VALIDATE_PRODUCT = YES;
			};
			name = Release;
		};
		636E5AEE239D74BD002BFF69 /* Debug */ = {
			isa = XCBuildConfiguration;
			buildSettings = {
				ASSETCATALOG_COMPILER_APPICON_NAME = AppIcon;
				CODE_SIGN_STYLE = Automatic;
				DEVELOPMENT_TEAM = 739J85M7XS;
				INFOPLIST_FILE = "Reddit Posts/Info.plist";
				LD_RUNPATH_SEARCH_PATHS = (
					"$(inherited)",
					"@executable_path/Frameworks",
				);
				PRODUCT_BUNDLE_IDENTIFIER = "david-mazzitelli.Reddit-Posts";
				PRODUCT_NAME = "$(TARGET_NAME)";
				SWIFT_VERSION = 5.0;
				TARGETED_DEVICE_FAMILY = "1,2";
			};
			name = Debug;
		};
		636E5AEF239D74BD002BFF69 /* Release */ = {
			isa = XCBuildConfiguration;
			buildSettings = {
				ASSETCATALOG_COMPILER_APPICON_NAME = AppIcon;
				CODE_SIGN_STYLE = Automatic;
				DEVELOPMENT_TEAM = 739J85M7XS;
				INFOPLIST_FILE = "Reddit Posts/Info.plist";
				LD_RUNPATH_SEARCH_PATHS = (
					"$(inherited)",
					"@executable_path/Frameworks",
				);
				PRODUCT_BUNDLE_IDENTIFIER = "david-mazzitelli.Reddit-Posts";
				PRODUCT_NAME = "$(TARGET_NAME)";
				SWIFT_VERSION = 5.0;
				TARGETED_DEVICE_FAMILY = "1,2";
			};
			name = Release;
		};
/* End XCBuildConfiguration section */

/* Begin XCConfigurationList section */
		636E5AD2239D74BB002BFF69 /* Build configuration list for PBXProject "Reddit Posts" */ = {
			isa = XCConfigurationList;
			buildConfigurations = (
				636E5AEB239D74BD002BFF69 /* Debug */,
				636E5AEC239D74BD002BFF69 /* Release */,
			);
			defaultConfigurationIsVisible = 0;
			defaultConfigurationName = Release;
		};
		636E5AED239D74BD002BFF69 /* Build configuration list for PBXNativeTarget "Reddit Posts" */ = {
			isa = XCConfigurationList;
			buildConfigurations = (
				636E5AEE239D74BD002BFF69 /* Debug */,
				636E5AEF239D74BD002BFF69 /* Release */,
			);
			defaultConfigurationIsVisible = 0;
			defaultConfigurationName = Release;
		};
/* End XCConfigurationList section */
	};
	rootObject = 636E5ACF239D74BB002BFF69 /* Project object */;
}
